{
  "name": "bqml-sample",
  "lockfileVersion": 2,
  "requires": true,
  "packages": {
    "": {
      "name": "bqml-sample",
      "dependencies": {
        "@dataform/core": "2.9.0",
        "bqml": "https://github.com/chtyim/dataform-bqml/archive/0.0.1.tar.gz"
      }
    },
    "node_modules/@dataform/core": {
      "version": "2.9.0",
      "resolved": "https://registry.npmjs.org/@dataform/core/-/core-2.9.0.tgz",
      "integrity": "sha512-S0aJMpof0uxL7Sodi7CH3ewlN83NFm0kRDvWoBfc0prw/a5wVIAY1LZWeg/6icqKPUw5b5xWn2ub82YrD8zVTg=="
    },
    "node_modules/bqml": {
      "resolved": "https://github.com/chtyim/dataform-bqml/archive/0.0.1.tar.gz",
      "integrity": "sha512-mFaK9mXGqG1w1ylYt7xhBYN5He358DT38zLzAhJIwEjuCM5njyJAJQsKwTSak8tEiqJbBtTDmiL2GbzQAtB0ow==",
      "dependencies": {
        "@dataform/core": "2.9.0"
      }
    }
  },
  "dependencies": {
    "@dataform/core": {
      "version": "2.9.0",
      "resolved": "https://registry.npmjs.org/@dataform/core/-/core-2.9.0.tgz",
      "integrity": "sha512-S0aJMpof0uxL7Sodi7CH3ewlN83NFm0kRDvWoBfc0prw/a5wVIAY1LZWeg/6icqKPUw5b5xWn2ub82YrD8zVTg=="
    },
    "bqml": {
      "version": "https://github.com/chtyim/dataform-bqml/archive/0.0.1.tar.gz",
      "integrity": "sha512-mFaK9mXGqG1w1ylYt7xhBYN5He358DT38zLzAhJIwEjuCM5njyJAJQsKwTSak8tEiqJbBtTDmiL2GbzQAtB0ow==",
      "requires": {
        "@dataform/core": "2.9.0"
      }
    }
  }
}
